
Microsoft Visual Studio Solution File, Format Version 12.00
# Visual Studio 15
VisualStudioVersion = 15.0.27004.2006
MinimumVisualStudioVersion = 10.0.40219.1
Project("{9A19103F-16F7-4668-BE54-9A1E7A4F7556}") = "Xam.XMMP", "Xam.XMMP\Xam.XMMP.csproj", "{4CB661B6-3A7D-4999-B4FC-6100898C0F22}"
EndProject
Project("{FAE04EC0-301F-11D3-BF4B-00C04F79EFBC}") = "Xam.XMPP.Droid", "Xam.XMPP.Droid\Xam.XMPP.Droid.csproj", "{DB66A820-66C3-4547-BE08-276AB9067F9E}"
EndProject
Project("{FAE04EC0-301F-11D3-BF4B-00C04F79EFBC}") = "Xam.XMPP.iOS", "Xam.XMPP.iOS\Xam.XMPP.iOS.csproj", "{92E7596C-AF66-4B91-8BCE-D64A7A37E70C}"
EndProject
Project("{9A19103F-16F7-4668-BE54-9A1E7A4F7556}") = "SharpXMPP.Shared", "SharpXMPP.Shared\SharpXMPP.Shared.csproj", "{834BE3CD-A82B-4A7C-820D-F63335E3259C}"
EndProject
Global
	GlobalSection(SolutionConfigurationPlatforms) = preSolution
		Ad-Hoc|Any CPU = Ad-Hoc|Any CPU
		Ad-Hoc|iPhone = Ad-Hoc|iPhone
		Ad-Hoc|iPhoneSimulator = Ad-Hoc|iPhoneSimulator
		AppStore|Any CPU = AppStore|Any CPU
		AppStore|iPhone = AppStore|iPhone
		AppStore|iPhoneSimulator = AppStore|iPhoneSimulator
		Debug|Any CPU = Debug|Any CPU
		Debug|iPhone = Debug|iPhone
		Debug|iPhoneSimulator = Debug|iPhoneSimulator
		Release|Any CPU = Release|Any CPU
		Release|iPhone = Release|iPhone
		Release|iPhoneSimulator = Release|iPhoneSimulator
	EndGlobalSection
	GlobalSection(ProjectConfigurationPlatforms) = postSolution
		{4CB661B6-3A7D-4999-B4FC-6100898C0F22}.Ad-Hoc|Any CPU.ActiveCfg = Debug|Any CPU
		{4CB661B6-3A7D-4999-B4FC-6100898C0F22}.Ad-Hoc|Any CPU.Build.0 = Debug|Any CPU
		{4CB661B6-3A7D-4999-B4FC-6100898C0F22}.Ad-Hoc|iPhone.ActiveCfg = Debug|Any CPU
		{4CB661B6-3A7D-4999-B4FC-6100898C0F22}.Ad-Hoc|iPhone.Build.0 = Debug|Any CPU
		{4CB661B6-3A7D-4999-B4FC-6100898C0F22}.Ad-Hoc|iPhoneSimulator.ActiveCfg = Debug|Any CPU
		{4CB661B6-3A7D-4999-B4FC-6100898C0F22}.Ad-Hoc|iPhoneSimulator.Build.0 = Debug|Any CPU
		{4CB661B6-3A7D-4999-B4FC-6100898C0F22}.AppStore|Any CPU.ActiveCfg = Debug|Any CPU
		{4CB661B6-3A7D-4999-B4FC-6100898C0F22}.AppStore|Any CPU.Build.0 = Debug|Any CPU
		{4CB661B6-3A7D-4999-B4FC-6100898C0F22}.AppStore|iPhone.ActiveCfg = Debug|Any CPU
		{4CB661B6-3A7D-4999-B4FC-6100898C0F22}.AppStore|iPhone.Build.0 = Debug|Any CPU
		{4CB661B6-3A7D-4999-B4FC-6100898C0F22}.AppStore|iPhoneSimulator.ActiveCfg = Debug|Any CPU
		{4CB661B6-3A7D-4999-B4FC-6100898C0F22}.AppStore|iPhoneSimulator.Build.0 = Debug|Any CPU
		{4CB661B6-3A7D-4999-B4FC-6100898C0F22}.Debug|Any CPU.ActiveCfg = Debug|Any CPU
		{4CB661B6-3A7D-4999-B4FC-6100898C0F22}.Debug|Any CPU.Build.0 = Debug|Any CPU
		{4CB661B6-3A7D-4999-B4FC-6100898C0F22}.Debug|iPhone.ActiveCfg = Debug|Any CPU
		{4CB661B6-3A7D-4999-B4FC-6100898C0F22}.Debug|iPhone.Build.0 = Debug|Any CPU
		{4CB661B6-3A7D-4999-B4FC-6100898C0F22}.Debug|iPhoneSimulator.ActiveCfg = Debug|Any CPU
		{4CB661B6-3A7D-4999-B4FC-6100898C0F22}.Debug|iPhoneSimulator.Build.0 = Debug|Any CPU
		{4CB661B6-3A7D-4999-B4FC-6100898C0F22}.Release|Any CPU.ActiveCfg = Release|Any CPU
		{4CB661B6-3A7D-4999-B4FC-6100898C0F22}.Release|Any CPU.Build.0 = Release|Any CPU
		{4CB661B6-3A7D-4999-B4FC-6100898C0F22}.Release|iPhone.ActiveCfg = Release|Any CPU
		{4CB661B6-3A7D-4999-B4FC-6100898C0F22}.Release|iPhone.Build.0 = Release|Any CPU
		{4CB661B6-3A7D-4999-B4FC-6100898C0F22}.Release|iPhoneSimulator.ActiveCfg = Release|Any CPU
		{4CB661B6-3A7D-4999-B4FC-6100898C0F22}.Release|iPhoneSimulator.Build.0 = Release|Any CPU
		{DB66A820-66C3-4547-BE08-276AB9067F9E}.Ad-Hoc|Any CPU.ActiveCfg = Release|Any CPU
		{DB66A820-66C3-4547-BE08-276AB9067F9E}.Ad-Hoc|Any CPU.Build.0 = Release|Any CPU
		{DB66A820-66C3-4547-BE08-276AB9067F9E}.Ad-Hoc|Any CPU.Deploy.0 = Release|Any CPU
		{DB66A820-66C3-4547-BE08-276AB9067F9E}.Ad-Hoc|iPhone.ActiveCfg = Release|Any CPU
		{DB66A820-66C3-4547-BE08-276AB9067F9E}.Ad-Hoc|iPhone.Build.0 = Release|Any CPU
		{DB66A820-66C3-4547-BE08-276AB9067F9E}.Ad-Hoc|iPhone.Deploy.0 = Release|Any CPU
		{DB66A820-66C3-4547-BE08-276AB9067F9E}.Ad-Hoc|iPhoneSimulator.ActiveCfg = Release|Any CPU
		{DB66A820-66C3-4547-BE08-276AB9067F9E}.Ad-Hoc|iPhoneSimulator.Build.0 = Release|Any CPU
		{DB66A820-66C3-4547-BE08-276AB9067F9E}.Ad-Hoc|iPhoneSimulator.Deploy.0 = Release|Any CPU
		{DB66A820-66C3-4547-BE08-276AB9067F9E}.AppStore|Any CPU.ActiveCfg = Release|Any CPU
		{DB66A820-66C3-4547-BE08-276AB9067F9E}.AppStore|Any CPU.Build.0 = Release|Any CPU
		{DB66A820-66C3-4547-BE08-276AB9067F9E}.AppStore|Any CPU.Deploy.0 = Release|Any CPU
		{DB66A820-66C3-4547-BE08-276AB9067F9E}.AppStore|iPhone.ActiveCfg = Release|Any CPU
		{DB66A820-66C3-4547-BE08-276AB9067F9E}.AppStore|iPhone.Build.0 = Release|Any CPU
		{DB66A820-66C3-4547-BE08-276AB9067F9E}.AppStore|iPhone.Deploy.0 = Release|Any CPU
		{DB66A820-66C3-4547-BE08-276AB9067F9E}.AppStore|iPhoneSimulator.ActiveCfg = Release|Any CPU
		{DB66A820-66C3-4547-BE08-276AB9067F9E}.AppStore|iPhoneSimulator.Build.0 = Release|Any CPU
		{DB66A820-66C3-4547-BE08-276AB9067F9E}.AppStore|iPhoneSimulator.Deploy.0 = Release|Any CPU
		{DB66A820-66C3-4547-BE08-276AB9067F9E}.Debug|Any CPU.ActiveCfg = Debug|Any CPU
		{DB66A820-66C3-4547-BE08-276AB9067F9E}.Debug|Any CPU.Build.0 = Debug|Any CPU
		{DB66A820-66C3-4547-BE08-276AB9067F9E}.Debug|Any CPU.Deploy.0 = Debug|Any CPU
		{DB66A820-66C3-4547-BE08-276AB9067F9E}.Debug|iPhone.ActiveCfg = Debug|Any CPU
		{DB66A820-66C3-4547-BE08-276AB9067F9E}.Debug|iPhone.Build.0 = Debug|Any CPU
		{DB66A820-66C3-4547-BE08-276AB9067F9E}.Debug|iPhone.Deploy.0 = Debug|Any CPU
		{DB66A820-66C3-4547-BE08-276AB9067F9E}.Debug|iPhoneSimulator.ActiveCfg = Debug|Any CPU
		{DB66A820-66C3-4547-BE08-276AB9067F9E}.Debug|iPhoneSimulator.Build.0 = Debug|Any CPU
		{DB66A820-66C3-4547-BE08-276AB9067F9E}.Debug|iPhoneSimulator.Deploy.0 = Debug|Any CPU
		{DB66A820-66C3-4547-BE08-276AB9067F9E}.Release|Any CPU.ActiveCfg = Release|Any CPU
		{DB66A820-66C3-4547-BE08-276AB9067F9E}.Release|Any CPU.Build.0 = Release|Any CPU
		{DB66A820-66C3-4547-BE08-276AB9067F9E}.Release|Any CPU.Deploy.0 = Release|Any CPU
		{DB66A820-66C3-4547-BE08-276AB9067F9E}.Release|iPhone.ActiveCfg = Release|Any CPU
		{DB66A820-66C3-4547-BE08-276AB9067F9E}.Release|iPhone.Build.0 = Release|Any CPU
		{DB66A820-66C3-4547-BE08-276AB9067F9E}.Release|iPhone.Deploy.0 = Release|Any CPU
		{DB66A820-66C3-4547-BE08-276AB9067F9E}.Release|iPhoneSimulator.ActiveCfg = Release|Any CPU
		{DB66A820-66C3-4547-BE08-276AB9067F9E}.Release|iPhoneSimulator.Build.0 = Release|Any CPU
		{DB66A820-66C3-4547-BE08-276AB9067F9E}.Release|iPhoneSimulator.Deploy.0 = Release|Any CPU
		{92E7596C-AF66-4B91-8BCE-D64A7A37E70C}.Ad-Hoc|Any CPU.ActiveCfg = Ad-Hoc|iPhone
		{92E7596C-AF66-4B91-8BCE-D64A7A37E70C}.Ad-Hoc|iPhone.ActiveCfg = Ad-Hoc|iPhone
		{92E7596C-AF66-4B91-8BCE-D64A7A37E70C}.Ad-Hoc|iPhone.Build.0 = Ad-Hoc|iPhone
		{92E7596C-AF66-4B91-8BCE-D64A7A37E70C}.Ad-Hoc|iPhoneSimulator.ActiveCfg = Ad-Hoc|iPhoneSimulator
		{92E7596C-AF66-4B91-8BCE-D64A7A37E70C}.Ad-Hoc|iPhoneSimulator.Build.0 = Ad-Hoc|iPhoneSimulator
		{92E7596C-AF66-4B91-8BCE-D64A7A37E70C}.AppStore|Any CPU.ActiveCfg = AppStore|iPhone
		{92E7596C-AF66-4B91-8BCE-D64A7A37E70C}.AppStore|iPhone.ActiveCfg = AppStore|iPhone
		{92E7596C-AF66-4B91-8BCE-D64A7A37E70C}.AppStore|iPhone.Build.0 = AppStore|iPhone
		{92E7596C-AF66-4B91-8BCE-D64A7A37E70C}.AppStore|iPhoneSimulator.ActiveCfg = AppStore|iPhoneSimulator
		{92E7596C-AF66-4B91-8BCE-D64A7A37E70C}.AppStore|iPhoneSimulator.Build.0 = AppStore|iPhoneSimulator
		{92E7596C-AF66-4B91-8BCE-D64A7A37E70C}.Debug|Any CPU.ActiveCfg = Debug|iPhone
		{92E7596C-AF66-4B91-8BCE-D64A7A37E70C}.Debug|iPhone.ActiveCfg = Debug|iPhone
		{92E7596C-AF66-4B91-8BCE-D64A7A37E70C}.Debug|iPhone.Build.0 = Debug|iPhone
		{92E7596C-AF66-4B91-8BCE-D64A7A37E70C}.Debug|iPhoneSimulator.ActiveCfg = Debug|iPhoneSimulator
		{92E7596C-AF66-4B91-8BCE-D64A7A37E70C}.Debug|iPhoneSimulator.Build.0 = Debug|iPhoneSimulator
		{92E7596C-AF66-4B91-8BCE-D64A7A37E70C}.Release|Any CPU.ActiveCfg = Release|iPhone
		{92E7596C-AF66-4B91-8BCE-D64A7A37E70C}.Release|iPhone.ActiveCfg = Release|iPhone
		{92E7596C-AF66-4B91-8BCE-D64A7A37E70C}.Release|iPhone.Build.0 = Release|iPhone
		{92E7596C-AF66-4B91-8BCE-D64A7A37E70C}.Release|iPhoneSimulator.ActiveCfg = Release|iPhoneSimulator
		{92E7596C-AF66-4B91-8BCE-D64A7A37E70C}.Release|iPhoneSimulator.Build.0 = Release|iPhoneSimulator
		{834BE3CD-A82B-4A7C-820D-F63335E3259C}.Ad-Hoc|Any CPU.ActiveCfg = Debug|Any CPU
		{834BE3CD-A82B-4A7C-820D-F63335E3259C}.Ad-Hoc|Any CPU.Build.0 = Debug|Any CPU
		{834BE3CD-A82B-4A7C-820D-F63335E3259C}.Ad-Hoc|iPhone.ActiveCfg = Debug|Any CPU
		{834BE3CD-A82B-4A7C-820D-F63335E3259C}.Ad-Hoc|iPhone.Build.0 = Debug|Any CPU
		{834BE3CD-A82B-4A7C-820D-F63335E3259C}.Ad-Hoc|iPhoneSimulator.ActiveCfg = Debug|Any CPU
		{834BE3CD-A82B-4A7C-820D-F63335E3259C}.Ad-Hoc|iPhoneSimulator.Build.0 = Debug|Any CPU
		{834BE3CD-A82B-4A7C-820D-F63335E3259C}.AppStore|Any CPU.ActiveCfg = Debug|Any CPU
		{834BE3CD-A82B-4A7C-820D-F63335E3259C}.AppStore|Any CPU.Build.0 = Debug|Any CPU
		{834BE3CD-A82B-4A7C-820D-F63335E3259C}.AppStore|iPhone.ActiveCfg = Debug|Any CPU
		{834BE3CD-A82B-4A7C-820D-F63335E3259C}.AppStore|iPhone.Build.0 = Debug|Any CPU
		{834BE3CD-A82B-4A7C-820D-F63335E3259C}.AppStore|iPhoneSimulator.ActiveCfg = Debug|Any CPU
		{834BE3CD-A82B-4A7C-820D-F63335E3259C}.AppStore|iPhoneSimulator.Build.0 = Debug|Any CPU
		{834BE3CD-A82B-4A7C-820D-F63335E3259C}.Debug|Any CPU.ActiveCfg = Debug|Any CPU
		{834BE3CD-A82B-4A7C-820D-F63335E3259C}.Debug|Any CPU.Build.0 = Debug|Any CPU
		{834BE3CD-A82B-4A7C-820D-F63335E3259C}.Debug|iPhone.ActiveCfg = Debug|Any CPU
		{834BE3CD-A82B-4A7C-820D-F63335E3259C}.Debug|iPhone.Build.0 = Debug|Any CPU
		{834BE3CD-A82B-4A7C-820D-F63335E3259C}.Debug|iPhoneSimulator.ActiveCfg = Debug|Any CPU
		{834BE3CD-A82B-4A7C-820D-F63335E3259C}.Debug|iPhoneSimulator.Build.0 = Debug|Any CPU
		{834BE3CD-A82B-4A7C-820D-F63335E3259C}.Release|Any CPU.ActiveCfg = Release|Any CPU
		{834BE3CD-A82B-4A7C-820D-F63335E3259C}.Release|Any CPU.Build.0 = Release|Any CPU
		{834BE3CD-A82B-4A7C-820D-F63335E3259C}.Release|iPhone.ActiveCfg = Release|Any CPU
		{834BE3CD-A82B-4A7C-820D-F63335E3259C}.Release|iPhone.Build.0 = Release|Any CPU
		{834BE3CD-A82B-4A7C-820D-F63335E3259C}.Release|iPhoneSimulator.ActiveCfg = Release|Any CPU
		{834BE3CD-A82B-4A7C-820D-F63335E3259C}.Release|iPhoneSimulator.Build.0 = Release|Any CPU
	EndGlobalSection
	GlobalSection(SolutionProperties) = preSolution
		HideSolutionNode = FALSE
	EndGlobalSection
	GlobalSection(ExtensibilityGlobals) = postSolution
		SolutionGuid = {8786DD23-7CEF-4445-9700-264EE1D2094A}
	EndGlobalSection
EndGlobal
